
Microsoft Visual Studio Solution File, Format Version 12.00
# Visual Studio Version 16
VisualStudioVersion = 16.0.31829.152
MinimumVisualStudioVersion = 10.0.40219.1
Project("{FAE04EC0-301F-11D3-BF4B-00C04F79EFBC}") = "Jenkins-test", "Jenkins-test\Jenkins-test.csproj", "{6B754044-821A-45D5-96E7-AC8637B059A3}"
EndProject
Global
	GlobalSection(SolutionConfigurationPlatforms) = preSolution
		Debug|Any CPU = Debug|Any CPU
		Release|Any CPU = Release|Any CPU
	EndGlobalSection
	GlobalSection(ProjectConfigurationPlatforms) = postSolution
		{6B754044-821A-45D5-96E7-AC8637B059A3}.Debug|Any CPU.ActiveCfg = Debug|Any CPU
		{6B754044-821A-45D5-96E7-AC8637B059A3}.Debug|Any CPU.Build.0 = Debug|Any CPU
		{6B754044-821A-45D5-96E7-AC8637B059A3}.Release|Any CPU.ActiveCfg = Release|Any CPU
		{6B754044-821A-45D5-96E7-AC8637B059A3}.Release|Any CPU.Build.0 = Release|Any CPU
	EndGlobalSection
	GlobalSection(SolutionProperties) = preSolution
		HideSolutionNode = FALSE
	EndGlobalSection
	GlobalSection(ExtensibilityGlobals) = postSolution
		SolutionGuid = {B1A42FF0-4DDD-4CA4-8A84-18BE05C2292E}
	EndGlobalSection
EndGlobal
